<?xml version="1.0" encoding="utf-8"?>
<Project ToolsVersion="4.0" xmlns="http://schemas.microsoft.com/developer/msbuild/2003">
  <ItemGroup>
    <Filter Include="Source Files">
      <UniqueIdentifier>{4FC737F1-C7A5-4376-A066-2A32D752A2FF}</UniqueIdentifier>
      <Extensions>cpp;c;cc;cxx;c++;cppm;ixx;def;odl;idl;hpj;bat;asm;asmx</Extensions>
    </Filter>
    <Filter Include="Header Files">
      <UniqueIdentifier>{93995380-89BD-4b04-88EB-625FBE52EBFB}</UniqueIdentifier>
      <Extensions>h;hh;hpp;hxx;h++;hm;inl;inc;ipp;xsd</Extensions>
    </Filter>
    <Filter Include="Resource Files">
      <UniqueIdentifier>{67DA6AB6-F800-4c08-8B7A-83BB121AAD01}</UniqueIdentifier>
      <Extensions>rc;ico;cur;bmp;dlg;rc2;rct;bin;rgs;gif;jpg;jpeg;jpe;resx;tiff;tif;png;wav;mfcribbon-ms</Extensions>
    </Filter>
  </ItemGroup>
  <ItemGroup>
    <ClCompile Include="main.cpp">
      <Filter>Source Files</Filter>
    </ClCompile>
    <ClCompile Include="sickapi\include\libs\smart_ptr\src\sp_collector.cpp">
      <Filter>Source Files</Filter>
    </ClCompile>
    <ClCompile Include="sickapi\include\libs\smart_ptr\src\sp_debug_hooks.cpp">
      <Filter>Source Files</Filter>
    </ClCompile>
    <ClCompile Include="sickapi\src\AuthenticationLegacy.cpp">
      <Filter>Source Files</Filter>
    </ClCompile>
    <ClCompile Include="sickapi\src\AuthenticationSecure.cpp">
      <Filter>Source Files</Filter>
    </ClCompile>
    <ClCompile Include="sickapi\src\CoLa2ProtocolHandler.cpp">
      <Filter>Source Files</Filter>
    </ClCompile>
    <ClCompile Include="sickapi\src\CoLaBProtocolHandler.cpp">
      <Filter>Source Files</Filter>
    </ClCompile>
    <ClCompile Include="sickapi\src\CoLaCommand.cpp">
      <Filter>Source Files</Filter>
    </ClCompile>
    <ClCompile Include="sickapi\src\CoLaParameterReader.cpp">
      <Filter>Source Files</Filter>
    </ClCompile>
    <ClCompile Include="sickapi\src\CoLaParameterWriter.cpp">
      <Filter>Source Files</Filter>
    </ClCompile>
    <ClCompile Include="sickapi\src\ControlSession.cpp">
      <Filter>Source Files</Filter>
    </ClCompile>
    <ClCompile Include="sickapi\src\FrameGrabberBase.cpp">
      <Filter>Source Files</Filter>
    </ClCompile>
    <ClCompile Include="sickapi\src\IAuthentication.cpp">
      <Filter>Source Files</Filter>
    </ClCompile>
    <ClCompile Include="sickapi\src\IProtocolHandler.cpp">
      <Filter>Source Files</Filter>
    </ClCompile>
    <ClCompile Include="sickapi\src\MD5.cpp">
      <Filter>Source Files</Filter>
    </ClCompile>
    <ClCompile Include="sickapi\src\PointCloudPlyWriter.cpp">
      <Filter>Source Files</Filter>
    </ClCompile>
    <ClCompile Include="sickapi\src\SHA256.cpp">
      <Filter>Source Files</Filter>
    </ClCompile>
    <ClCompile Include="sickapi\src\TcpSocket.cpp">
      <Filter>Source Files</Filter>
    </ClCompile>
    <ClCompile Include="sickapi\src\UdpSocket.cpp">
      <Filter>Source Files</Filter>
    </ClCompile>
    <ClCompile Include="sickapi\src\VisionaryAutoIPScan.cpp">
      <Filter>Source Files</Filter>
    </ClCompile>
    <ClCompile Include="sickapi\src\VisionaryControl.cpp">
      <Filter>Source Files</Filter>
    </ClCompile>
    <ClCompile Include="sickapi\src\VisionaryData.cpp">
      <Filter>Source Files</Filter>
    </ClCompile>
    <ClCompile Include="sickapi\src\VisionaryDataStream.cpp">
      <Filter>Source Files</Filter>
    </ClCompile>
    <ClCompile Include="sickapi\src\VisionarySData.cpp">
      <Filter>Source Files</Filter>
    </ClCompile>
    <ClCompile Include="sickapi\src\VisionaryTData.cpp">
      <Filter>Source Files</Filter>
    </ClCompile>
    <ClCompile Include="sickapi\src\VisionaryTMiniData.cpp">
      <Filter>Source Files</Filter>
    </ClCompile>
    <ClCompile Include="snap7\snap7.cpp">
      <Filter>Source Files</Filter>
    </ClCompile>
  </ItemGroup>
  <ItemGroup>
    <ClInclude Include="sickapi\src\AuthenticationLegacy.h">
      <Filter>Header Files</Filter>
    </ClInclude>
    <ClInclude Include="sickapi\src\AuthenticationSecure.h">
      <Filter>Header Files</Filter>
    </ClInclude>
    <ClInclude Include="sickapi\src\CoLa2ProtocolHandler.h">
      <Filter>Header Files</Filter>
    </ClInclude>
    <ClInclude Include="sickapi\src\CoLaBProtocolHandler.h">
      <Filter>Header Files</Filter>
    </ClInclude>
    <ClInclude Include="sickapi\src\CoLaCommand.h">
      <Filter>Header Files</Filter>
    </ClInclude>
    <ClInclude Include="sickapi\src\CoLaCommandType.h">
      <Filter>Header Files</Filter>
    </ClInclude>
    <ClInclude Include="sickapi\src\CoLaError.h">
      <Filter>Header Files</Filter>
    </ClInclude>
    <ClInclude Include="sickapi\src\CoLaParameterReader.h">
      <Filter>Header Files</Filter>
    </ClInclude>
    <ClInclude Include="sickapi\src\CoLaParameterWriter.h">
      <Filter>Header Files</Filter>
    </ClInclude>
    <ClInclude Include="sickapi\src\ControlSession.h">
      <Filter>Header Files</Filter>
    </ClInclude>
    <ClInclude Include="sickapi\src\Framegrabber.h">
      <Filter>Header Files</Filter>
    </ClInclude>
    <ClInclude Include="sickapi\src\FrameGrabberBase.h">
      <Filter>Header Files</Filter>
    </ClInclude>
    <ClInclude Include="sickapi\src\IAuthentication.h">
      <Filter>Header Files</Filter>
    </ClInclude>
    <ClInclude Include="sickapi\src\IProtocolHandler.h">
      <Filter>Header Files</Filter>
    </ClInclude>
    <ClInclude Include="sickapi\src\ITransport.h">
      <Filter>Header Files</Filter>
    </ClInclude>
    <ClInclude Include="sickapi\src\MD5.h">
      <Filter>Header Files</Filter>
    </ClInclude>
    <ClInclude Include="sickapi\src\PointCloudPlyWriter.h">
      <Filter>Header Files</Filter>
    </ClInclude>
    <ClInclude Include="sickapi\src\PointXYZ.h">
      <Filter>Header Files</Filter>
    </ClInclude>
    <ClInclude Include="sickapi\src\SHA256.h">
      <Filter>Header Files</Filter>
    </ClInclude>
    <ClInclude Include="sickapi\src\TcpSocket.h">
      <Filter>Header Files</Filter>
    </ClInclude>
    <ClInclude Include="sickapi\src\UdpSocket.h">
      <Filter>Header Files</Filter>
    </ClInclude>
    <ClInclude Include="sickapi\src\VisionaryAutoIPScan.h">
      <Filter>Header Files</Filter>
    </ClInclude>
    <ClInclude Include="sickapi\src\VisionaryControl.h">
      <Filter>Header Files</Filter>
    </ClInclude>
    <ClInclude Include="sickapi\src\VisionaryData.h">
      <Filter>Header Files</Filter>
    </ClInclude>
    <ClInclude Include="sickapi\src\VisionaryDataStream.h">
      <Filter>Header Files</Filter>
    </ClInclude>
    <ClInclude Include="sickapi\src\VisionaryEndian.h">
      <Filter>Header Files</Filter>
    </ClInclude>
    <ClInclude Include="sickapi\src\VisionarySData.h">
      <Filter>Header Files</Filter>
    </ClInclude>
    <ClInclude Include="sickapi\src\VisionaryTData.h">
      <Filter>Header Files</Filter>
    </ClInclude>
    <ClInclude Include="sickapi\src\VisionaryTMiniData.h">
      <Filter>Header Files</Filter>
    </ClInclude>
    <ClInclude Include="snap7\snap7.h">
      <Filter>Header Files</Filter>
    </ClInclude>
  </ItemGroup>
  <ItemGroup>
    <Library Include="snap7\snap7.lib" />
  </ItemGroup>
  <ItemGroup>
    <CopyFileToFolders Include="snap7\snap7.exp" />
    <CopyFileToFolders Include="snap7\snap7.dll" />
  </ItemGroup>
</Project>